
Microsoft Visual Studio Solution File, Format Version 12.00
# Visual Studio Version 17
VisualStudioVersion = 17.1.32210.238
MinimumVisualStudioVersion = 10.0.40219.1
Project("{9A19103F-16F7-4668-BE54-9A1E7A4F7556}") = "SourceGeneratorsWorkshop.Opdracht1", "SourceGeneratorsWorkshop.Opdracht1\SourceGeneratorsWorkshop.Opdracht1.csproj", "{776F30EA-AAB4-46DC-B41B-01CC05A1C648}"
EndProject
Project("{9A19103F-16F7-4668-BE54-9A1E7A4F7556}") = "SourceGeneratorsWorkshop.Opdracht2", "SourceGeneratorsWorkshop.Opdracht2\SourceGeneratorsWorkshop.Opdracht2.csproj", "{C4016FFE-5D07-46C1-972F-6C71A0BD2098}"
EndProject
Project("{9A19103F-16F7-4668-BE54-9A1E7A4F7556}") = "SourceGeneratorsWorkshop.Opdracht3", "SourceGeneratorsWorkshop.Opdracht3\SourceGeneratorsWorkshop.Opdracht3.csproj", "{B339C431-48C3-43BD-A494-EE5F97589BE6}"
EndProject
Project("{9A19103F-16F7-4668-BE54-9A1E7A4F7556}") = "SourceGeneratorsWorkshop.Opdracht0", "SourceGeneratorsWorkshop.Opdracht0\SourceGeneratorsWorkshop.Opdracht0.csproj", "{09597AE9-D68B-4267-96D6-30BA83893BFF}"
EndProject
Project("{FAE04EC0-301F-11D3-BF4B-00C04F79EFBC}") = "AotMapper.Generator", "AotMapper.Generator\AotMapper.Generator.csproj", "{1B0EFE29-E5DE-4C2D-BC73-F5E20212D584}"
EndProject
Global
	GlobalSection(SolutionConfigurationPlatforms) = preSolution
		Debug|Any CPU = Debug|Any CPU
		Release|Any CPU = Release|Any CPU
	EndGlobalSection
	GlobalSection(ProjectConfigurationPlatforms) = postSolution
		{776F30EA-AAB4-46DC-B41B-01CC05A1C648}.Debug|Any CPU.ActiveCfg = Debug|Any CPU
		{776F30EA-AAB4-46DC-B41B-01CC05A1C648}.Debug|Any CPU.Build.0 = Debug|Any CPU
		{776F30EA-AAB4-46DC-B41B-01CC05A1C648}.Release|Any CPU.ActiveCfg = Release|Any CPU
		{776F30EA-AAB4-46DC-B41B-01CC05A1C648}.Release|Any CPU.Build.0 = Release|Any CPU
		{C4016FFE-5D07-46C1-972F-6C71A0BD2098}.Debug|Any CPU.ActiveCfg = Debug|Any CPU
		{C4016FFE-5D07-46C1-972F-6C71A0BD2098}.Debug|Any CPU.Build.0 = Debug|Any CPU
		{C4016FFE-5D07-46C1-972F-6C71A0BD2098}.Release|Any CPU.ActiveCfg = Release|Any CPU
		{C4016FFE-5D07-46C1-972F-6C71A0BD2098}.Release|Any CPU.Build.0 = Release|Any CPU
		{B339C431-48C3-43BD-A494-EE5F97589BE6}.Debug|Any CPU.ActiveCfg = Debug|Any CPU
		{B339C431-48C3-43BD-A494-EE5F97589BE6}.Debug|Any CPU.Build.0 = Debug|Any CPU
		{B339C431-48C3-43BD-A494-EE5F97589BE6}.Release|Any CPU.ActiveCfg = Release|Any CPU
		{B339C431-48C3-43BD-A494-EE5F97589BE6}.Release|Any CPU.Build.0 = Release|Any CPU
		{09597AE9-D68B-4267-96D6-30BA83893BFF}.Debug|Any CPU.ActiveCfg = Debug|Any CPU
		{09597AE9-D68B-4267-96D6-30BA83893BFF}.Debug|Any CPU.Build.0 = Debug|Any CPU
		{09597AE9-D68B-4267-96D6-30BA83893BFF}.Release|Any CPU.ActiveCfg = Release|Any CPU
		{09597AE9-D68B-4267-96D6-30BA83893BFF}.Release|Any CPU.Build.0 = Release|Any CPU
		{1B0EFE29-E5DE-4C2D-BC73-F5E20212D584}.Debug|Any CPU.ActiveCfg = Debug|Any CPU
		{1B0EFE29-E5DE-4C2D-BC73-F5E20212D584}.Debug|Any CPU.Build.0 = Debug|Any CPU
		{1B0EFE29-E5DE-4C2D-BC73-F5E20212D584}.Release|Any CPU.ActiveCfg = Release|Any CPU
		{1B0EFE29-E5DE-4C2D-BC73-F5E20212D584}.Release|Any CPU.Build.0 = Release|Any CPU
	EndGlobalSection
	GlobalSection(SolutionProperties) = preSolution
		HideSolutionNode = FALSE
	EndGlobalSection
	GlobalSection(ExtensibilityGlobals) = postSolution
		SolutionGuid = {AFCED50F-8F79-4DA4-AE92-E8A6CEF65498}
	EndGlobalSection
EndGlobal
